
Microsoft Visual Studio Solution File, Format Version 12.00
Project("{FAE04EC0-301F-11D3-BF4B-00C04F79EFBC}") = "SegmentedControl", "SegmentedControl\SegmentedControl.csproj", "{5239F2DC-0426-409C-BD63-74C7D3FB3307}"
EndProject
Global
	GlobalSection(SolutionConfigurationPlatforms) = preSolution
		Debug|Any CPU = Debug|Any CPU
		Release|Any CPU = Release|Any CPU
	EndGlobalSection
	GlobalSection(ProjectConfigurationPlatforms) = postSolution
		{5239F2DC-0426-409C-BD63-74C7D3FB3307}.Debug|Any CPU.ActiveCfg = Debug|Any CPU
		{5239F2DC-0426-409C-BD63-74C7D3FB3307}.Debug|Any CPU.Build.0 = Debug|Any CPU
		{5239F2DC-0426-409C-BD63-74C7D3FB3307}.Release|Any CPU.ActiveCfg = Release|Any CPU
		{5239F2DC-0426-409C-BD63-74C7D3FB3307}.Release|Any CPU.Build.0 = Release|Any CPU
	EndGlobalSection
EndGlobal
